
Microsoft Visual Studio Solution File, Format Version 12.00
# Visual Studio Version 16
VisualStudioVersion = 16.0.32407.337
MinimumVisualStudioVersion = 10.0.40219.1
Project("{FAE04EC0-301F-11D3-BF4B-00C04F79EFBC}") = "modernDesign", "modernDesign\modernDesign.csproj", "{FD524E32-CB12-4CEF-B375-8ABD21AC3895}"
EndProject
Global
	GlobalSection(SolutionConfigurationPlatforms) = preSolution
		Debug|Any CPU = Debug|Any CPU
		Release|Any CPU = Release|Any CPU
	EndGlobalSection
	GlobalSection(ProjectConfigurationPlatforms) = postSolution
		{FD524E32-CB12-4CEF-B375-8ABD21AC3895}.Debug|Any CPU.ActiveCfg = Debug|Any CPU
		{FD524E32-CB12-4CEF-B375-8ABD21AC3895}.Debug|Any CPU.Build.0 = Debug|Any CPU
		{FD524E32-CB12-4CEF-B375-8ABD21AC3895}.Release|Any CPU.ActiveCfg = Release|Any CPU
		{FD524E32-CB12-4CEF-B375-8ABD21AC3895}.Release|Any CPU.Build.0 = Release|Any CPU
	EndGlobalSection
	GlobalSection(SolutionProperties) = preSolution
		HideSolutionNode = FALSE
	EndGlobalSection
	GlobalSection(ExtensibilityGlobals) = postSolution
		SolutionGuid = {1B90F16E-914B-4287-B1A5-3615163E1F8D}
	EndGlobalSection
EndGlobal
